version = 1
revision = 3
requires-python = ">=3.12"

[[package]]
name = "colorama"
version = "0.4.6"
source = { registry = "https://pypi.org/simple" }
sdist = { url = "https://files.pythonhosted.org/packages/d8/53/6f443c9a4a8358a93a6792e2acffb9d9d5cb0a5cfd8802644b7b1c9a02e4/colorama-0.4.6.tar.gz", hash = "sha256:08695f5cb7ed6e0531a20572697297273c47b8cae5a63ffc6d6ed5c201be6e44", size = 27697, upload-time = "2022-10-25T02:36:22.414Z" }
wheels = [
    { url = "https://files.pythonhosted.org/packages/d1/d6/3965ed04c63042e047cb6a3e6ed1a63a35087b6a609aa3a15ed8ac56c221/colorama-0.4.6-py2.py3-none-any.whl", hash = "sha256:4f1d9991f5acc0ca119f9d443620b77f9d6b33703e51011c16baf57afb285fc6", size = 25335, upload-time = "2022-10-25T02:36:20.889Z" },
]

[[package]]
name = "confluent-kafka"
version = "2.14.0"
source = { registry = "https://pypi.org/simple" }
sdist = { url = "https://files.pythonhosted.org/packages/40/52/2c71d8e0b2de51076f90cea05342dc9c20fa14ded11992827680db4bbdfa/confluent_kafka-2.14.0.tar.gz", hash = "sha256:34efddfd06766d1153d10a70c23a98f6035e253a906db8ed04cb0249fc3b0fd2", size = 287868, upload-time = "2026-04-02T11:28:57.862Z" }
wheels = [
    { url = "https://files.pythonhosted.org/packages/12/05/f27091396c1e5fb98844e3e8b114ec7b896d1b54209e796e3946649de2cd/confluent_kafka-2.14.0-cp312-cp312-macosx_10_9_x86_64.whl", hash = "sha256:737b63f2389c9d63f3da0923681aa95abad1cb2f96b10f38192ef19ab727c883", size = 3650743, upload-time = "2026-04-02T11:28:07.697Z" },
    { url = "https://files.pythonhosted.org/packages/9e/49/b9de672412c4290b4719f99ac17b31ff35c64b221e4961a3047f6c1f334f/confluent_kafka-2.14.0-cp312-cp312-macosx_11_0_arm64.whl", hash = "sha256:1610aa31880c874bfa3351d898d6e6cdbfab2a0f9443598fd64425bbc815cb06", size = 3207894, upload-time = "2026-04-02T11:28:09.813Z" },
    { url = "https://files.pythonhosted.org/packages/fb/b6/d892b50a48bbd95e8937d557baf89ffa07fc48bc27f792141476a004334d/confluent_kafka-2.14.0-cp312-cp312-manylinux_2_28_aarch64.whl", hash = "sha256:9cca8929bbc3d68a3299b21239c48def860f04e4661c7a59efe3104ecaea0e08", size = 3739440, upload-time = "2026-04-02T11:28:11.595Z" },
    { url = "https://files.pythonhosted.org/packages/f2/27/04d0f106820219e2621cf9e9a3ab49e910b7a19e55a72a21768b82031a85/confluent_kafka-2.14.0-cp312-cp312-manylinux_2_28_x86_64.whl", hash = "sha256:4d2e4718371c06579f649835239d1acf6ab5386a88f70e9cb9b839855c83c4a9", size = 3995763, upload-time = "2026-04-02T11:28:14.46Z" },
    { url = "https://files.pythonhosted.org/packages/64/d9/46258cefee841d65dda31d20ce61d12f7573e07ef8d26f49169edfd0b0fa/confluent_kafka-2.14.0-cp312-cp312-win_amd64.whl", hash = "sha256:c37aff51512e817316edd6eafa8a2e59745052a7d1e61e09931b1caa11803266", size = 4112399, upload-time = "2026-04-02T11:28:16.264Z" },
    { url = "https://files.pythonhosted.org/packages/26/a3/13ca4b42c580cb8e8d4bc0711467c7c501573f0133dcaf1ed6d7e34abb42/confluent_kafka-2.14.0-cp313-cp313-macosx_13_0_arm64.whl", hash = "sha256:a6dc0e49e8ac99854bd89ec7ac16c54af4488c7617baa633e615320dfbe44b25", size = 3212698, upload-time = "2026-04-02T11:28:18.351Z" },
    { url = "https://files.pythonhosted.org/packages/27/f6/3b4744a8d1b7714500e830a615671d27f76bf64c15966740cc6ee1c960f7/confluent_kafka-2.14.0-cp313-cp313-macosx_13_0_x86_64.whl", hash = "sha256:308c972b23f44e4d0eb3e76b987872c9a7d04148a5a4f29313bbbec3841d75b4", size = 3654148, upload-time = "2026-04-02T11:28:20.532Z" },
    { url = "https://files.pythonhosted.org/packages/48/9b/928775785983a2840c1944a689308e346badb2475765030f8e2a0db21f7a/confluent_kafka-2.14.0-cp313-cp313-manylinux_2_28_aarch64.whl", hash = "sha256:9b0acf2fffa19a6ffc2d6f0b82f3b7f1771f5d3943312438f3532ae69b6f2e83", size = 3739774, upload-time = "2026-04-02T11:28:22.283Z" },
    { url = "https://files.pythonhosted.org/packages/c7/37/c2d7a24f0c12673c763b25c2b32defe3b47b8458ad54befd842b6a3a0cde/confluent_kafka-2.14.0-cp313-cp313-manylinux_2_28_x86_64.whl", hash = "sha256:0023a941dbd8a2325e9e0d13ed1b2236c7d4ff3279b3d99cf06cf1409ab26d22", size = 3996169, upload-time = "2026-04-02T11:28:24.639Z" },
    { url = "https://files.pythonhosted.org/packages/be/fe/4c2e517a404110adbb5b560dafb5d0b3ba36c2af47d52b5508c90f65d5b0/confluent_kafka-2.14.0-cp313-cp313-win_amd64.whl", hash = "sha256:3da898df3ebb866f61312365e9108cbadcfe74fb73af8d03add856542e715cfe", size = 4172080, upload-time = "2026-04-02T11:28:26.801Z" },
    { url = "https://files.pythonhosted.org/packages/f8/07/e217beea9a543c53484144164db337b33ec7f95912cc76f09f03fbc6ee7f/confluent_kafka-2.14.0-cp314-cp314-macosx_13_0_arm64.whl", hash = "sha256:05bbf9745cadb1a6fd3b03508572d2cd5455d8d9960a437537ddac9d3f89ee49", size = 3212541, upload-time = "2026-04-02T11:28:28.882Z" },
    { url = "https://files.pythonhosted.org/packages/5c/73/cbb44df7afa3ac8746e0ebc37be5f457d0e91e32648c144226da26c5f682/confluent_kafka-2.14.0-cp314-cp314-macosx_13_0_x86_64.whl", hash = "sha256:32a72ff85d7b4428532aa477b8dfa4223a5c69f4e90fecaa64e1924cc99a06b6", size = 3653993, upload-time = "2026-04-02T11:28:31.042Z" },
    { url = "https://files.pythonhosted.org/packages/ae/49/49d9e62ff70a06e68c96dd65d8e621583e6b51682ccc08051ec585bfdf96/confluent_kafka-2.14.0-cp314-cp314-manylinux_2_28_aarch64.whl", hash = "sha256:4fd75d53e0e36f7ff9c5454f7a3cf4a54790db3bfda169c3b582ddc97111f6f6", size = 3739535, upload-time = "2026-04-02T11:28:32.844Z" },
    { url = "https://files.pythonhosted.org/packages/33/6a/df467787418c24e063ed0c19e96aedf05c26eabc32d8adc75235d45d830b/confluent_kafka-2.14.0-cp314-cp314-manylinux_2_28_x86_64.whl", hash = "sha256:eb17528ec7b177ec5e38214852f3dadb5d77172e0fb25c7c992c0cbc3dcfbaa2", size = 3995845, upload-time = "2026-04-02T11:28:34.538Z" },
    { url = "https://files.pythonhosted.org/packages/f0/0a/c5ce2a48ece0ae2dd050ab28d4cd81b9efc610276a4e72f622582f5371d3/confluent_kafka-2.14.0-cp314-cp314-win_amd64.whl", hash = "sha256:578afb532ded604cb98174a14a88847367191bcbe4f52a1661f5238dc5cf75dd", size = 4290326, upload-time = "2026-04-02T11:28:36.679Z" },
]

[[package]]
name = "iniconfig"
version = "2.3.0"
source = { registry = "https://pypi.org/simple" }
sdist = { url = "https://files.pythonhosted.org/packages/72/34/14ca021ce8e5dfedc35312d08ba8bf51fdd999c576889fc2c24cb97f4f10/iniconfig-2.3.0.tar.gz", hash = "sha256:c76315c77db068650d49c5b56314774a7804df16fee4402c1f19d6d15d8c4730", size = 20503, upload-time = "2025-10-18T21:55:43.219Z" }
wheels = [
    { url = "https://files.pythonhosted.org/packages/cb/b1/3846dd7f199d53cb17f49cba7e651e9ce294d8497c8c150530ed11865bb8/iniconfig-2.3.0-py3-none-any.whl", hash = "sha256:f631c04d2c48c52b84d0d0549c99ff3859c98df65b3101406327ecc7d53fbf12", size = 7484, upload-time = "2025-10-18T21:55:41.639Z" },
]

[[package]]
name = "kafka-blog-examples"
version = "0.1.0"
source = { virtual = "." }
dependencies = [
    { name = "confluent-kafka" },
    { name = "pytest" },
    { name = "rich" },
]

[package.metadata]
requires-dist = [
    { name = "confluent-kafka", specifier = ">=2.6.0" },
    { name = "pytest", specifier = ">=8.0" },
    { name = "rich", specifier = ">=15.0.0" },
]

[[package]]
name = "markdown-it-py"
version = "4.1.0"
source = { registry = "https://pypi.org/simple" }
dependencies = [
    { name = "mdurl" },
]
sdist = { url = "https://files.pythonhosted.org/packages/5c/5c/f3aedc83549aae71cd52b9e9687fe896e3dc6e966ba20eba04718605d198/markdown_it_py-4.1.0.tar.gz", hash = "sha256:760e3f87b2787c044c5138a5ba107b7c2be26c03b13cc7f8fe42756b65b1df6c", size = 81613, upload-time = "2026-05-06T16:32:13.649Z" }
wheels = [
    { url = "https://files.pythonhosted.org/packages/a8/88/802c82060c54bc7dde21eb0033e337838b8181a1323254aa9ec41cbfc3d1/markdown_it_py-4.1.0-py3-none-any.whl", hash = "sha256:d4939a62a2dd0cd9cb80a191a711ba1d39bac8ed5ef9e9966895b0171c01c46d", size = 90955, upload-time = "2026-05-06T16:32:12.184Z" },
]

[[package]]
name = "mdurl"
version = "0.1.2"
source = { registry = "https://pypi.org/simple" }
sdist = { url = "https://files.pythonhosted.org/packages/d6/54/cfe61301667036ec958cb99bd3efefba235e65cdeb9c84d24a8293ba1d90/mdurl-0.1.2.tar.gz", hash = "sha256:bb413d29f5eea38f31dd4754dd7377d4465116fb207585f97bf925588687c1ba", size = 8729, upload-time = "2022-08-14T12:40:10.846Z" }
wheels = [
    { url = "https://files.pythonhosted.org/packages/b3/38/89ba8ad64ae25be8de66a6d463314cf1eb366222074cfda9ee839c56a4b4/mdurl-0.1.2-py3-none-any.whl", hash = "sha256:84008a41e51615a49fc9966191ff91509e3c40b939176e643fd50a5c2196b8f8", size = 9979, upload-time = "2022-08-14T12:40:09.779Z" },
]

[[package]]
name = "packaging"
version = "26.2"
source = { registry = "https://pypi.org/simple" }
sdist = { url = "https://files.pythonhosted.org/packages/d7/f1/e7a6dd94a8d4a5626c03e4e99c87f241ba9e350cd9e6d75123f992427270/packaging-26.2.tar.gz", hash = "sha256:ff452ff5a3e828ce110190feff1178bb1f2ea2281fa2075aadb987c2fb221661", size = 228134, upload-time = "2026-04-24T20:15:23.917Z" }
wheels = [
    { url = "https://files.pythonhosted.org/packages/df/b2/87e62e8c3e2f4b32e5fe99e0b86d576da1312593b39f47d8ceef365e95ed/packaging-26.2-py3-none-any.whl", hash = "sha256:5fc45236b9446107ff2415ce77c807cee2862cb6fac22b8a73826d0693b0980e", size = 100195, upload-time = "2026-04-24T20:15:22.081Z" },
]

[[package]]
name = "pluggy"
version = "1.6.0"
source = { registry = "https://pypi.org/simple" }
sdist = { url = "https://files.pythonhosted.org/packages/f9/e2/3e91f31a7d2b083fe6ef3fa267035b518369d9511ffab804f839851d2779/pluggy-1.6.0.tar.gz", hash = "sha256:7dcc130b76258d33b90f61b658791dede3486c3e6bfb003ee5c9bfb396dd22f3", size = 69412, upload-time = "2025-05-15T12:30:07.975Z" }
wheels = [
    { url = "https://files.pythonhosted.org/packages/54/20/4d324d65cc6d9205fabedc306948156824eb9f0ee1633355a8f7ec5c66bf/pluggy-1.6.0-py3-none-any.whl", hash = "sha256:e920276dd6813095e9377c0bc5566d94c932c33b27a3e3945d8389c374dd4746", size = 20538, upload-time = "2025-05-15T12:30:06.134Z" },
]

[[package]]
name = "pygments"
version = "2.20.0"
source = { registry = "https://pypi.org/simple" }
sdist = { url = "https://files.pythonhosted.org/packages/c3/b2/bc9c9196916376152d655522fdcebac55e66de6603a76a02bca1b6414f6c/pygments-2.20.0.tar.gz", hash = "sha256:6757cd03768053ff99f3039c1a36d6c0aa0b263438fcab17520b30a303a82b5f", size = 4955991, upload-time = "2026-03-29T13:29:33.898Z" }
wheels = [
    { url = "https://files.pythonhosted.org/packages/f4/7e/a72dd26f3b0f4f2bf1dd8923c85f7ceb43172af56d63c7383eb62b332364/pygments-2.20.0-py3-none-any.whl", hash = "sha256:81a9e26dd42fd28a23a2d169d86d7ac03b46e2f8b59ed4698fb4785f946d0176", size = 1231151, upload-time = "2026-03-29T13:29:30.038Z" },
]

[[package]]
name = "pytest"
version = "9.0.3"
source = { registry = "https://pypi.org/simple" }
dependencies = [
    { name = "colorama", marker = "sys_platform == 'win32'" },
    { name = "iniconfig" },
    { name = "packaging" },
    { name = "pluggy" },
    { name = "pygments" },
]
sdist = { url = "https://files.pythonhosted.org/packages/7d/0d/549bd94f1a0a402dc8cf64563a117c0f3765662e2e668477624baeec44d5/pytest-9.0.3.tar.gz", hash = "sha256:b86ada508af81d19edeb213c681b1d48246c1a91d304c6c81a427674c17eb91c", size = 1572165, upload-time = "2026-04-07T17:16:18.027Z" }
wheels = [
    { url = "https://files.pythonhosted.org/packages/d4/24/a372aaf5c9b7208e7112038812994107bc65a84cd00e0354a88c2c77a617/pytest-9.0.3-py3-none-any.whl", hash = "sha256:2c5efc453d45394fdd706ade797c0a81091eccd1d6e4bccfcd476e2b8e0ab5d9", size = 375249, upload-time = "2026-04-07T17:16:16.13Z" },
]

[[package]]
name = "rich"
version = "15.0.0"
source = { registry = "https://pypi.org/simple" }
dependencies = [
    { name = "markdown-it-py" },
    { name = "pygments" },
]
sdist = { url = "https://files.pythonhosted.org/packages/c0/8f/0722ca900cc807c13a6a0c696dacf35430f72e0ec571c4275d2371fca3e9/rich-15.0.0.tar.gz", hash = "sha256:edd07a4824c6b40189fb7ac9bc4c52536e9780fbbfbddf6f1e2502c31b068c36", size = 230680, upload-time = "2026-04-12T08:24:00.75Z" }
wheels = [
    { url = "https://files.pythonhosted.org/packages/82/3b/64d4899d73f91ba49a8c18a8ff3f0ea8f1c1d75481760df8c68ef5235bf5/rich-15.0.0-py3-none-any.whl", hash = "sha256:33bd4ef74232fb73fe9279a257718407f169c09b78a87ad3d296f548e27de0bb", size = 310654, upload-time = "2026-04-12T08:24:02.83Z" },
]
